
Microsoft Visual Studio Solution File, Format Version 12.00
# Visual Studio 15
VisualStudioVersion = 15.0.28307.421
MinimumVisualStudioVersion = 10.0.40219.1
Project("{9A19103F-16F7-4668-BE54-9A1E7A4F7556}") = "FastWfcNet", "FastWfcNet\FastWfcNet.csproj", "{1FF761FD-C800-4F2C-BB59-29AF7917BA08}"
EndProject
Project("{FAE04EC0-301F-11D3-BF4B-00C04F79EFBC}") = "FastWfcDemoApp", "FastWfcDemoApp\FastWfcDemoApp.csproj", "{F98F43D1-301E-4F60-84C7-9079C2960017}"
EndProject
Global
	GlobalSection(SolutionConfigurationPlatforms) = preSolution
		Debug|Any CPU = Debug|Any CPU
		Release|Any CPU = Release|Any CPU
	EndGlobalSection
	GlobalSection(ProjectConfigurationPlatforms) = postSolution
		{1FF761FD-C800-4F2C-BB59-29AF7917BA08}.Debug|Any CPU.ActiveCfg = Debug|Any CPU
		{1FF761FD-C800-4F2C-BB59-29AF7917BA08}.Debug|Any CPU.Build.0 = Debug|Any CPU
		{1FF761FD-C800-4F2C-BB59-29AF7917BA08}.Release|Any CPU.ActiveCfg = Release|Any CPU
		{1FF761FD-C800-4F2C-BB59-29AF7917BA08}.Release|Any CPU.Build.0 = Release|Any CPU
		{F98F43D1-301E-4F60-84C7-9079C2960017}.Debug|Any CPU.ActiveCfg = Debug|Any CPU
		{F98F43D1-301E-4F60-84C7-9079C2960017}.Debug|Any CPU.Build.0 = Debug|Any CPU
		{F98F43D1-301E-4F60-84C7-9079C2960017}.Release|Any CPU.ActiveCfg = Release|Any CPU
		{F98F43D1-301E-4F60-84C7-9079C2960017}.Release|Any CPU.Build.0 = Release|Any CPU
	EndGlobalSection
	GlobalSection(SolutionProperties) = preSolution
		HideSolutionNode = FALSE
	EndGlobalSection
	GlobalSection(ExtensibilityGlobals) = postSolution
		SolutionGuid = {40D92D89-B9BF-44B9-936E-AA66CDD47F82}
	EndGlobalSection
EndGlobal
